// !$*UTF8*$!
{
	archiveVersion = 1;
	classes = {
	};
	objectVersion = 56;
	objects = {

/* Begin PBXBuildFile section */
		A84B8AAB2A1D957C003B2104 /* README.md in Resources */ = {isa = PBXBuildFile; fileRef = A84B8AAA2A1D957C003B2104 /* README.md */; };
		A89A9ABC2A19888D00FCAB24 /* nssl0049.jpg in Resources */ = {isa = PBXBuildFile; fileRef = A89A9AB22A19888D00FCAB24 /* nssl0049.jpg */; };
		A89A9ABD2A19888D00FCAB24 /* nssl0046.jpg in Resources */ = {isa = PBXBuildFile; fileRef = A89A9AB32A19888D00FCAB24 /* nssl0046.jpg */; };
		A89A9ABE2A19888D00FCAB24 /* nssl0091.jpg in Resources */ = {isa = PBXBuildFile; fileRef = A89A9AB42A19888D00FCAB24 /* nssl0091.jpg */; };
		A89A9ABF2A19888D00FCAB24 /* nssl0045.jpg in Resources */ = {isa = PBXBuildFile; fileRef = A89A9AB52A19888D00FCAB24 /* nssl0045.jpg */; };
		A89A9AC02A19888D00FCAB24 /* nssl0051.jpg in Resources */ = {isa = PBXBuildFile; fileRef = A89A9AB62A19888D00FCAB24 /* nssl0051.jpg */; };
		A89A9AC12A19888D00FCAB24 /* nssl0041.jpg in Resources */ = {isa = PBXBuildFile; fileRef = A89A9AB72A19888D00FCAB24 /* nssl0041.jpg */; };
		A89A9AC22A19888D00FCAB24 /* nssl0042.jpg in Resources */ = {isa = PBXBuildFile; fileRef = A89A9AB82A19888D00FCAB24 /* nssl0042.jpg */; };
		A89A9AC32A19888D00FCAB24 /* nssl0043.jpg in Resources */ = {isa = PBXBuildFile; fileRef = A89A9AB92A19888D00FCAB24 /* nssl0043.jpg */; };
		A89A9AC42A19888D00FCAB24 /* nssl0033.jpg in Resources */ = {isa = PBXBuildFile; fileRef = A89A9ABA2A19888D00FCAB24 /* nssl0033.jpg */; };
		A89A9AC52A19888D00FCAB24 /* nssl0034.jpg in Resources */ = {isa = PBXBuildFile; fileRef = A89A9ABB2A19888D00FCAB24 /* nssl0034.jpg */; };
		A89A9AC72A1A79E000FCAB24 /* DetailViewController.swift in Sources */ = {isa = PBXBuildFile; fileRef = A89A9AC62A1A79E000FCAB24 /* DetailViewController.swift */; };
		A8FEB4A92A136BD100EC094A /* AppDelegate.swift in Sources */ = {isa = PBXBuildFile; fileRef = A8FEB4A82A136BD100EC094A /* AppDelegate.swift */; };
		A8FEB4AB2A136BD100EC094A /* SceneDelegate.swift in Sources */ = {isa = PBXBuildFile; fileRef = A8FEB4AA2A136BD100EC094A /* SceneDelegate.swift */; };
		A8FEB4AD2A136BD100EC094A /* ViewController.swift in Sources */ = {isa = PBXBuildFile; fileRef = A8FEB4AC2A136BD100EC094A /* ViewController.swift */; };
		A8FEB4B02A136BD100EC094A /* Main.storyboard in Resources */ = {isa = PBXBuildFile; fileRef = A8FEB4AE2A136BD100EC094A /* Main.storyboard */; };
		A8FEB4B22A136BD200EC094A /* Assets.xcassets in Resources */ = {isa = PBXBuildFile; fileRef = A8FEB4B12A136BD200EC094A /* Assets.xcassets */; };
		A8FEB4B52A136BD200EC094A /* LaunchScreen.storyboard in Resources */ = {isa = PBXBuildFile; fileRef = A8FEB4B32A136BD200EC094A /* LaunchScreen.storyboard */; };
/* End PBXBuildFile section */

/* Begin PBXFileReference section */
		A84B8AAA2A1D957C003B2104 /* README.md */ = {isa = PBXFileReference; lastKnownFileType = net.daringfireball.markdown; path = README.md; sourceTree = "<group>"; };
		A89A9AB22A19888D00FCAB24 /* nssl0049.jpg */ = {isa = PBXFileReference; lastKnownFileType = image.jpeg; path = nssl0049.jpg; sourceTree = "<group>"; };
		A89A9AB32A19888D00FCAB24 /* nssl0046.jpg */ = {isa = PBXFileReference; lastKnownFileType = image.jpeg; path = nssl0046.jpg; sourceTree = "<group>"; };
		A89A9AB42A19888D00FCAB24 /* nssl0091.jpg */ = {isa = PBXFileReference; lastKnownFileType = image.jpeg; path = nssl0091.jpg; sourceTree = "<group>"; };
		A89A9AB52A19888D00FCAB24 /* nssl0045.jpg */ = {isa = PBXFileReference; lastKnownFileType = image.jpeg; path = nssl0045.jpg; sourceTree = "<group>"; };
		A89A9AB62A19888D00FCAB24 /* nssl0051.jpg */ = {isa = PBXFileReference; lastKnownFileType = image.jpeg; path = nssl0051.jpg; sourceTree = "<group>"; };
		A89A9AB72A19888D00FCAB24 /* nssl0041.jpg */ = {isa = PBXFileReference; lastKnownFileType = image.jpeg; path = nssl0041.jpg; sourceTree = "<group>"; };
		A89A9AB82A19888D00FCAB24 /* nssl0042.jpg */ = {isa = PBXFileReference; lastKnownFileType = image.jpeg; path = nssl0042.jpg; sourceTree = "<group>"; };
		A89A9AB92A19888D00FCAB24 /* nssl0043.jpg */ = {isa = PBXFileReference; lastKnownFileType = image.jpeg; path = nssl0043.jpg; sourceTree = "<group>"; };
		A89A9ABA2A19888D00FCAB24 /* nssl0033.jpg */ = {isa = PBXFileReference; lastKnownFileType = image.jpeg; path = nssl0033.jpg; sourceTree = "<group>"; };
		A89A9ABB2A19888D00FCAB24 /* nssl0034.jpg */ = {isa = PBXFileReference; lastKnownFileType = image.jpeg; path = nssl0034.jpg; sourceTree = "<group>"; };
		A89A9AC62A1A79E000FCAB24 /* DetailViewController.swift */ = {isa = PBXFileReference; lastKnownFileType = sourcecode.swift; path = DetailViewController.swift; sourceTree = "<group>"; };
		A8FEB4A52A136BD100EC094A /* StormViewer.app */ = {isa = PBXFileReference; explicitFileType = wrapper.application; includeInIndex = 0; path = StormViewer.app; sourceTree = BUILT_PRODUCTS_DIR; };
		A8FEB4A82A136BD100EC094A /* AppDelegate.swift */ = {isa = PBXFileReference; lastKnownFileType = sourcecode.swift; path = AppDelegate.swift; sourceTree = "<group>"; };
		A8FEB4AA2A136BD100EC094A /* SceneDelegate.swift */ = {isa = PBXFileReference; lastKnownFileType = sourcecode.swift; path = SceneDelegate.swift; sourceTree = "<group>"; };
		A8FEB4AC2A136BD100EC094A /* ViewController.swift */ = {isa = PBXFileReference; lastKnownFileType = sourcecode.swift; path = ViewController.swift; sourceTree = "<group>"; };
		A8FEB4AF2A136BD100EC094A /* Base */ = {isa = PBXFileReference; lastKnownFileType = file.storyboard; name = Base; path = Base.lproj/Main.storyboard; sourceTree = "<group>"; };
		A8FEB4B12A136BD200EC094A /* Assets.xcassets */ = {isa = PBXFileReference; lastKnownFileType = folder.assetcatalog; path = Assets.xcassets; sourceTree = "<group>"; };
		A8FEB4B42A136BD200EC094A /* Base */ = {isa = PBXFileReference; lastKnownFileType = file.storyboard; name = Base; path = Base.lproj/LaunchScreen.storyboard; sourceTree = "<group>"; };
		A8FEB4B62A136BD200EC094A /* Info.plist */ = {isa = PBXFileReference; lastKnownFileType = text.plist.xml; path = Info.plist; sourceTree = "<group>"; };
/* End PBXFileReference section */

/* Begin PBXFrameworksBuildPhase section */
		A8FEB4A22A136BD100EC094A /* Frameworks */ = {
			isa = PBXFrameworksBuildPhase;
			buildActionMask = 2147483647;
			files = (
			);
			runOnlyForDeploymentPostprocessing = 0;
		};
/* End PBXFrameworksBuildPhase section */

/* Begin PBXGroup section */
		A89A9AB12A19888D00FCAB24 /* Content */ = {
			isa = PBXGroup;
			children = (
				A89A9AB22A19888D00FCAB24 /* nssl0049.jpg */,
				A89A9AB32A19888D00FCAB24 /* nssl0046.jpg */,
				A89A9AB42A19888D00FCAB24 /* nssl0091.jpg */,
				A89A9AB52A19888D00FCAB24 /* nssl0045.jpg */,
				A89A9AB62A19888D00FCAB24 /* nssl0051.jpg */,
				A89A9AB72A19888D00FCAB24 /* nssl0041.jpg */,
				A89A9AB82A19888D00FCAB24 /* nssl0042.jpg */,
				A89A9AB92A19888D00FCAB24 /* nssl0043.jpg */,
				A89A9ABA2A19888D00FCAB24 /* nssl0033.jpg */,
				A89A9ABB2A19888D00FCAB24 /* nssl0034.jpg */,
			);
			path = Content;
			sourceTree = "<group>";
		};
		A8FEB49C2A136BD100EC094A = {
			isa = PBXGroup;
			children = (
				A8FEB4A72A136BD100EC094A /* StormViewer */,
				A8FEB4A62A136BD100EC094A /* Products */,
			);
			sourceTree = "<group>";
		};
		A8FEB4A62A136BD100EC094A /* Products */ = {
			isa = PBXGroup;
			children = (
				A8FEB4A52A136BD100EC094A /* StormViewer.app */,
			);
			name = Products;
			sourceTree = "<group>";
		};
		A8FEB4A72A136BD100EC094A /* StormViewer */ = {
			isa = PBXGroup;
			children = (
				A8FEB4A82A136BD100EC094A /* AppDelegate.swift */,
				A8FEB4AA2A136BD100EC094A /* SceneDelegate.swift */,
				A8FEB4AC2A136BD100EC094A /* ViewController.swift */,
				A89A9AC62A1A79E000FCAB24 /* DetailViewController.swift */,
				A8FEB4AE2A136BD100EC094A /* Main.storyboard */,
				A8FEB4B32A136BD200EC094A /* LaunchScreen.storyboard */,
				A8FEB4B12A136BD200EC094A /* Assets.xcassets */,
				A89A9AB12A19888D00FCAB24 /* Content */,
				A8FEB4B62A136BD200EC094A /* Info.plist */,
				A84B8AAA2A1D957C003B2104 /* README.md */,
			);
			path = StormViewer;
			sourceTree = "<group>";
		};
/* End PBXGroup section */

/* Begin PBXNativeTarget section */
		A8FEB4A42A136BD100EC094A /* StormViewer */ = {
			isa = PBXNativeTarget;
			buildConfigurationList = A8FEB4B92A136BD200EC094A /* Build configuration list for PBXNativeTarget "StormViewer" */;
			buildPhases = (
				A8FEB4A12A136BD100EC094A /* Sources */,
				A8FEB4A22A136BD100EC094A /* Frameworks */,
				A8FEB4A32A136BD100EC094A /* Resources */,
			);
			buildRules = (
			);
			dependencies = (
			);
			name = StormViewer;
			productName = StormViewer;
			productReference = A8FEB4A52A136BD100EC094A /* StormViewer.app */;
			productType = "com.apple.product-type.application";
		};
/* End PBXNativeTarget section */

/* Begin PBXProject section */
		A8FEB49D2A136BD100EC094A /* Project object */ = {
			isa = PBXProject;
			attributes = {
				BuildIndependentTargetsInParallel = 1;
				LastSwiftUpdateCheck = 1430;
				LastUpgradeCheck = 1430;
				TargetAttributes = {
					A8FEB4A42A136BD100EC094A = {
						CreatedOnToolsVersion = 14.3;
					};
				};
			};
			buildConfigurationList = A8FEB4A02A136BD100EC094A /* Build configuration list for PBXProject "StormViewer" */;
			compatibilityVersion = "Xcode 14.0";
			developmentRegion = en;
			hasScannedForEncodings = 0;
			knownRegions = (
				en,
				Base,
			);
			mainGroup = A8FEB49C2A136BD100EC094A;
			productRefGroup = A8FEB4A62A136BD100EC094A /* Products */;
			projectDirPath = "";
			projectRoot = "";
			targets = (
				A8FEB4A42A136BD100EC094A /* StormViewer */,
			);
		};
/* End PBXProject section */

/* Begin PBXResourcesBuildPhase section */
		A8FEB4A32A136BD100EC094A /* Resources */ = {
			isa = PBXResourcesBuildPhase;
			buildActionMask = 2147483647;
			files = (
				A89A9ABD2A19888D00FCAB24 /* nssl0046.jpg in Resources */,
				A89A9AC42A19888D00FCAB24 /* nssl0033.jpg in Resources */,
				A89A9AC02A19888D00FCAB24 /* nssl0051.jpg in Resources */,
				A89A9ABE2A19888D00FCAB24 /* nssl0091.jpg in Resources */,
				A89A9AC32A19888D00FCAB24 /* nssl0043.jpg in Resources */,
				A89A9AC52A19888D00FCAB24 /* nssl0034.jpg in Resources */,
				A89A9ABC2A19888D00FCAB24 /* nssl0049.jpg in Resources */,
				A89A9AC12A19888D00FCAB24 /* nssl0041.jpg in Resources */,
				A89A9AC22A19888D00FCAB24 /* nssl0042.jpg in Resources */,
				A8FEB4B52A136BD200EC094A /* LaunchScreen.storyboard in Resources */,
				A84B8AAB2A1D957C003B2104 /* README.md in Resources */,
				A8FEB4B22A136BD200EC094A /* Assets.xcassets in Resources */,
				A89A9ABF2A19888D00FCAB24 /* nssl0045.jpg in Resources */,
				A8FEB4B02A136BD100EC094A /* Main.storyboard in Resources */,
			);
			runOnlyForDeploymentPostprocessing = 0;
		};
/* End PBXResourcesBuildPhase section */

/* Begin PBXSourcesBuildPhase section */
		A8FEB4A12A136BD100EC094A /* Sources */ = {
			isa = PBXSourcesBuildPhase;
			buildActionMask = 2147483647;
			files = (
				A8FEB4AD2A136BD100EC094A /* ViewController.swift in Sources */,
				A8FEB4A92A136BD100EC094A /* AppDelegate.swift in Sources */,
				A8FEB4AB2A136BD100EC094A /* SceneDelegate.swift in Sources */,
				A89A9AC72A1A79E000FCAB24 /* DetailViewController.swift in Sources */,
			);
			runOnlyForDeploymentPostprocessing = 0;
		};
/* End PBXSourcesBuildPhase section */

/* Begin PBXVariantGroup section */
		A8FEB4AE2A136BD100EC094A /* Main.storyboard */ = {
			isa = PBXVariantGroup;
			children = (
				A8FEB4AF2A136BD100EC094A /* Base */,
			);
			name = Main.storyboard;
			sourceTree = "<group>";
		};
		A8FEB4B32A136BD200EC094A /* LaunchScreen.storyboard */ = {
			isa = PBXVariantGroup;
			children = (
				A8FEB4B42A136BD200EC094A /* Base */,
			);
			name = LaunchScreen.storyboard;
			sourceTree = "<group>";
		};
/* End PBXVariantGroup section */

/* Begin XCBuildConfiguration section */
		A8FEB4B72A136BD200EC094A /* Debug */ = {
			isa = XCBuildConfiguration;
			buildSettings = {
				ALWAYS_SEARCH_USER_PATHS = NO;
				CLANG_ANALYZER_NONNULL = YES;
				CLANG_ANALYZER_NUMBER_OBJECT_CONVERSION = YES_AGGRESSIVE;
				CLANG_CXX_LANGUAGE_STANDARD = "gnu++20";
				CLANG_ENABLE_MODULES = YES;
				CLANG_ENABLE_OBJC_ARC = YES;
				CLANG_ENABLE_OBJC_WEAK = YES;
				CLANG_WARN_BLOCK_CAPTURE_AUTORELEASING = YES;
				CLANG_WARN_BOOL_CONVERSION = YES;
				CLANG_WARN_COMMA = YES;
				CLANG_WARN_CONSTANT_CONVERSION = YES;
				CLANG_WARN_DEPRECATED_OBJC_IMPLEMENTATIONS = YES;
				CLANG_WARN_DIRECT_OBJC_ISA_USAGE = YES_ERROR;
				CLANG_WARN_DOCUMENTATION_COMMENTS = YES;
				CLANG_WARN_EMPTY_BODY = YES;
				CLANG_WARN_ENUM_CONVERSION = YES;
				CLANG_WARN_INFINITE_RECURSION = YES;
				CLANG_WARN_INT_CONVERSION = YES;
				CLANG_WARN_NON_LITERAL_NULL_CONVERSION = YES;
				CLANG_WARN_OBJC_IMPLICIT_RETAIN_SELF = YES;
				CLANG_WARN_OBJC_LITERAL_CONVERSION = YES;
				CLANG_WARN_OBJC_ROOT_CLASS = YES_ERROR;
				CLANG_WARN_QUOTED_INCLUDE_IN_FRAMEWORK_HEADER = YES;
				CLANG_WARN_RANGE_LOOP_ANALYSIS = YES;
				CLANG_WARN_STRICT_PROTOTYPES = YES;
				CLANG_WARN_SUSPICIOUS_MOVE = YES;
				CLANG_WARN_UNGUARDED_AVAILABILITY = YES_AGGRESSIVE;
				CLANG_WARN_UNREACHABLE_CODE = YES;
				CLANG_WARN__DUPLICATE_METHOD_MATCH = YES;
				COPY_PHASE_STRIP = NO;
				DEBUG_INFORMATION_FORMAT = dwarf;
				ENABLE_STRICT_OBJC_MSGSEND = YES;
				ENABLE_TESTABILITY = YES;
				GCC_C_LANGUAGE_STANDARD = gnu11;
				GCC_DYNAMIC_NO_PIC = NO;
				GCC_NO_COMMON_BLOCKS = YES;
				GCC_OPTIMIZATION_LEVEL = 0;
				GCC_PREPROCESSOR_DEFINITIONS = (
					"DEBUG=1",
					"$(inherited)",
				);
				GCC_WARN_64_TO_32_BIT_CONVERSION = YES;
				GCC_WARN_ABOUT_RETURN_TYPE = YES_ERROR;
				GCC_WARN_UNDECLARED_SELECTOR = YES;
				GCC_WARN_UNINITIALIZED_AUTOS = YES_AGGRESSIVE;
				GCC_WARN_UNUSED_FUNCTION = YES;
				GCC_WARN_UNUSED_VARIABLE = YES;
				IPHONEOS_DEPLOYMENT_TARGET = 16.4;
				MTL_ENABLE_DEBUG_INFO = INCLUDE_SOURCE;
				MTL_FAST_MATH = YES;
				ONLY_ACTIVE_ARCH = YES;
				SDKROOT = iphoneos;
				SWIFT_ACTIVE_COMPILATION_CONDITIONS = DEBUG;
				SWIFT_OPTIMIZATION_LEVEL = "-Onone";
			};
			name = Debug;
		};
		A8FEB4B82A136BD200EC094A /* Release */ = {
			isa = XCBuildConfiguration;
			buildSettings = {
				ALWAYS_SEARCH_USER_PATHS = NO;
				CLANG_ANALYZER_NONNULL = YES;
				CLANG_ANALYZER_NUMBER_OBJECT_CONVERSION = YES_AGGRESSIVE;
				CLANG_CXX_LANGUAGE_STANDARD = "gnu++20";
				CLANG_ENABLE_MODULES = YES;
				CLANG_ENABLE_OBJC_ARC = YES;
				CLANG_ENABLE_OBJC_WEAK = YES;
				CLANG_WARN_BLOCK_CAPTURE_AUTORELEASING = YES;
				CLANG_WARN_BOOL_CONVERSION = YES;
				CLANG_WARN_COMMA = YES;
				CLANG_WARN_CONSTANT_CONVERSION = YES;
				CLANG_WARN_DEPRECATED_OBJC_IMPLEMENTATIONS = YES;
				CLANG_WARN_DIRECT_OBJC_ISA_USAGE = YES_ERROR;
				CLANG_WARN_DOCUMENTATION_COMMENTS = YES;
				CLANG_WARN_EMPTY_BODY = YES;
				CLANG_WARN_ENUM_CONVERSION = YES;
				CLANG_WARN_INFINITE_RECURSION = YES;
				CLANG_WARN_INT_CONVERSION = YES;
				CLANG_WARN_NON_LITERAL_NULL_CONVERSION = YES;
				CLANG_WARN_OBJC_IMPLICIT_RETAIN_SELF = YES;
				CLANG_WARN_OBJC_LITERAL_CONVERSION = YES;
				CLANG_WARN_OBJC_ROOT_CLASS = YES_ERROR;
				CLANG_WARN_QUOTED_INCLUDE_IN_FRAMEWORK_HEADER = YES;
				CLANG_WARN_RANGE_LOOP_ANALYSIS = YES;
				CLANG_WARN_STRICT_PROTOTYPES = YES;
				CLANG_WARN_SUSPICIOUS_MOVE = YES;
				CLANG_WARN_UNGUARDED_AVAILABILITY = YES_AGGRESSIVE;
				CLANG_WARN_UNREACHABLE_CODE = YES;
				CLANG_WARN__DUPLICATE_METHOD_MATCH = YES;
				COPY_PHASE_STRIP = NO;
				DEBUG_INFORMATION_FORMAT = "dwarf-with-dsym";
				ENABLE_NS_ASSERTIONS = NO;
				ENABLE_STRICT_OBJC_MSGSEND = YES;
				GCC_C_LANGUAGE_STANDARD = gnu11;
				GCC_NO_COMMON_BLOCKS = YES;
				GCC_WARN_64_TO_32_BIT_CONVERSION = YES;
				GCC_WARN_ABOUT_RETURN_TYPE = YES_ERROR;
				GCC_WARN_UNDECLARED_SELECTOR = YES;
				GCC_WARN_UNINITIALIZED_AUTOS = YES_AGGRESSIVE;
				GCC_WARN_UNUSED_FUNCTION = YES;
				GCC_WARN_UNUSED_VARIABLE = YES;
				IPHONEOS_DEPLOYMENT_TARGET = 16.4;
				MTL_ENABLE_DEBUG_INFO = NO;
				MTL_FAST_MATH = YES;
				SDKROOT = iphoneos;
				SWIFT_COMPILATION_MODE = wholemodule;
				SWIFT_OPTIMIZATION_LEVEL = "-O";
				VALIDATE_PRODUCT = YES;
			};
			name = Release;
		};
		A8FEB4BA2A136BD200EC094A /* Debug */ = {
			isa = XCBuildConfiguration;
			buildSettings = {
				ASSETCATALOG_COMPILER_APPICON_NAME = AppIcon;
				ASSETCATALOG_COMPILER_GLOBAL_ACCENT_COLOR_NAME = AccentColor;
				CODE_SIGN_STYLE = Automatic;
				CURRENT_PROJECT_VERSION = 1;
				DEVELOPMENT_TEAM = CBW66DK25B;
				GENERATE_INFOPLIST_FILE = YES;
				INFOPLIST_FILE = StormViewer/Info.plist;
				INFOPLIST_KEY_UIApplicationSupportsIndirectInputEvents = YES;
				INFOPLIST_KEY_UILaunchStoryboardName = LaunchScreen;
				INFOPLIST_KEY_UIMainStoryboardFile = Main;
				INFOPLIST_KEY_UISupportedInterfaceOrientations_iPad = "UIInterfaceOrientationPortrait UIInterfaceOrientationPortraitUpsideDown UIInterfaceOrientationLandscapeLeft UIInterfaceOrientationLandscapeRight";
				INFOPLIST_KEY_UISupportedInterfaceOrientations_iPhone = "UIInterfaceOrientationPortrait UIInterfaceOrientationLandscapeLeft UIInterfaceOrientationLandscapeRight";
				LD_RUNPATH_SEARCH_PATHS = (
					"$(inherited)",
					"@executable_path/Frameworks",
				);
				MARKETING_VERSION = 1.0;
				PRODUCT_BUNDLE_IDENTIFIER = com.nuhusulemana.StormViewer;
				PRODUCT_NAME = "$(TARGET_NAME)";
				SWIFT_EMIT_LOC_STRINGS = YES;
				SWIFT_VERSION = 5.0;
				TARGETED_DEVICE_FAMILY = "1,2";
			};
			name = Debug;
		};
		A8FEB4BB2A136BD200EC094A /* Release */ = {
			isa = XCBuildConfiguration;
			buildSettings = {
				ASSETCATALOG_COMPILER_APPICON_NAME = AppIcon;
				ASSETCATALOG_COMPILER_GLOBAL_ACCENT_COLOR_NAME = AccentColor;
				CODE_SIGN_STYLE = Automatic;
				CURRENT_PROJECT_VERSION = 1;
				DEVELOPMENT_TEAM = CBW66DK25B;
				GENERATE_INFOPLIST_FILE = YES;
				INFOPLIST_FILE = StormViewer/Info.plist;
				INFOPLIST_KEY_UIApplicationSupportsIndirectInputEvents = YES;
				INFOPLIST_KEY_UILaunchStoryboardName = LaunchScreen;
				INFOPLIST_KEY_UIMainStoryboardFile = Main;
				INFOPLIST_KEY_UISupportedInterfaceOrientations_iPad = "UIInterfaceOrientationPortrait UIInterfaceOrientationPortraitUpsideDown UIInterfaceOrientationLandscapeLeft UIInterfaceOrientationLandscapeRight";
				INFOPLIST_KEY_UISupportedInterfaceOrientations_iPhone = "UIInterfaceOrientationPortrait UIInterfaceOrientationLandscapeLeft UIInterfaceOrientationLandscapeRight";
				LD_RUNPATH_SEARCH_PATHS = (
					"$(inherited)",
					"@executable_path/Frameworks",
				);
				MARKETING_VERSION = 1.0;
				PRODUCT_BUNDLE_IDENTIFIER = com.nuhusulemana.StormViewer;
				PRODUCT_NAME = "$(TARGET_NAME)";
				SWIFT_EMIT_LOC_STRINGS = YES;
				SWIFT_VERSION = 5.0;
				TARGETED_DEVICE_FAMILY = "1,2";
			};
			name = Release;
		};
/* End XCBuildConfiguration section */

/* Begin XCConfigurationList section */
		A8FEB4A02A136BD100EC094A /* Build configuration list for PBXProject "StormViewer" */ = {
			isa = XCConfigurationList;
			buildConfigurations = (
				A8FEB4B72A136BD200EC094A /* Debug */,
				A8FEB4B82A136BD200EC094A /* Release */,
			);
			defaultConfigurationIsVisible = 0;
			defaultConfigurationName = Release;
		};
		A8FEB4B92A136BD200EC094A /* Build configuration list for PBXNativeTarget "StormViewer" */ = {
			isa = XCConfigurationList;
			buildConfigurations = (
				A8FEB4BA2A136BD200EC094A /* Debug */,
				A8FEB4BB2A136BD200EC094A /* Release */,
			);
			defaultConfigurationIsVisible = 0;
			defaultConfigurationName = Release;
		};
/* End XCConfigurationList section */
	};
	rootObject = A8FEB49D2A136BD100EC094A /* Project object */;
}
